# THIS IS AN AUTOGENERATED FILE. DO NOT EDIT THIS FILE DIRECTLY.
# yarn lockfile v1


node-xlsx@^0.23.0:
  version "0.23.0"
  resolved "https://registry.yarnpkg.com/node-xlsx/-/node-xlsx-0.23.0.tgz#0c4b642f9457712d68f30e1e30351d640cc37e90"
  integrity sha512-r3KaSZSsSrK92rbPXnX/vDdxURmPPik0rjJ3A+Pybzpjyrk4G6WyGfj8JIz5dMMEpCmWVpmO4qoVPBxnpLv/8Q==
  dependencies:
    xlsx "https://cdn.sheetjs.com/xlsx-0.19.3/xlsx-0.19.3.tgz"

"xlsx@https://cdn.sheetjs.com/xlsx-0.19.3/xlsx-0.19.3.tgz":
  version "0.19.3"
  resolved "https://cdn.sheetjs.com/xlsx-0.19.3/xlsx-0.19.3.tgz#f804c1850e2da5260165db0a059dc2a6099d55f3"
